
Microsoft Visual Studio Solution File, Format Version 12.00
# Visual Studio Version 17
VisualStudioVersion = 17.5.33516.290
MinimumVisualStudioVersion = 10.0.40219.1
Project("{9A19103F-16F7-4668-BE54-9A1E7A4F7556}") = "task1", "task1.csproj", "{3688ABF1-2D67-4E2D-AF2D-90133CEFA789}"
EndProject
Project("{FAE04EC0-301F-11D3-BF4B-00C04F79EFBC}") = "TestTask1", "..\TestTask1\TestTask1\TestTask1.csproj", "{003D6765-9F82-4229-802E-D97E4871E665}"
EndProject
Global
	GlobalSection(SolutionConfigurationPlatforms) = preSolution
		Debug|Any CPU = Debug|Any CPU
		Release|Any CPU = Release|Any CPU
	EndGlobalSection
	GlobalSection(ProjectConfigurationPlatforms) = postSolution
		{3688ABF1-2D67-4E2D-AF2D-90133CEFA789}.Debug|Any CPU.ActiveCfg = Debug|Any CPU
		{3688ABF1-2D67-4E2D-AF2D-90133CEFA789}.Debug|Any CPU.Build.0 = Debug|Any CPU
		{3688ABF1-2D67-4E2D-AF2D-90133CEFA789}.Release|Any CPU.ActiveCfg = Release|Any CPU
		{3688ABF1-2D67-4E2D-AF2D-90133CEFA789}.Release|Any CPU.Build.0 = Release|Any CPU
		{003D6765-9F82-4229-802E-D97E4871E665}.Debug|Any CPU.ActiveCfg = Debug|Any CPU
		{003D6765-9F82-4229-802E-D97E4871E665}.Debug|Any CPU.Build.0 = Debug|Any CPU
		{003D6765-9F82-4229-802E-D97E4871E665}.Release|Any CPU.ActiveCfg = Release|Any CPU
		{003D6765-9F82-4229-802E-D97E4871E665}.Release|Any CPU.Build.0 = Release|Any CPU
	EndGlobalSection
	GlobalSection(SolutionProperties) = preSolution
		HideSolutionNode = FALSE
	EndGlobalSection
	GlobalSection(ExtensibilityGlobals) = postSolution
		SolutionGuid = {14F31B1C-FE95-460A-AB1A-934F8F0FE52B}
	EndGlobalSection
EndGlobal
